
Microsoft Visual Studio Solution File, Format Version 12.00
# Visual Studio Version 16
VisualStudioVersion = 16.0.31613.86
MinimumVisualStudioVersion = 10.0.40219.1
Project("{FAE04EC0-301F-11D3-BF4B-00C04F79EFBC}") = "CinemaApi", "CinemaApi\CinemaApi.csproj", "{7249E907-3D24-4622-8FEC-E87380C94A0C}"
EndProject
Global
	GlobalSection(SolutionConfigurationPlatforms) = preSolution
		Debug|Any CPU = Debug|Any CPU
		Release|Any CPU = Release|Any CPU
	EndGlobalSection
	GlobalSection(ProjectConfigurationPlatforms) = postSolution
		{7249E907-3D24-4622-8FEC-E87380C94A0C}.Debug|Any CPU.ActiveCfg = Debug|Any CPU
		{7249E907-3D24-4622-8FEC-E87380C94A0C}.Debug|Any CPU.Build.0 = Debug|Any CPU
		{7249E907-3D24-4622-8FEC-E87380C94A0C}.Release|Any CPU.ActiveCfg = Release|Any CPU
		{7249E907-3D24-4622-8FEC-E87380C94A0C}.Release|Any CPU.Build.0 = Release|Any CPU
	EndGlobalSection
	GlobalSection(SolutionProperties) = preSolution
		HideSolutionNode = FALSE
	EndGlobalSection
	GlobalSection(ExtensibilityGlobals) = postSolution
		SolutionGuid = {58EAFCB7-1BC1-4CD9-B8E3-1BDF9AA28E22}
	EndGlobalSection
EndGlobal
